// !$*UTF8*$!
{
	archiveVersion = 1;
	classes = {
	};
	objectVersion = 46;
	objects = {

/* Begin PBXBuildFile section */
		C2E95EF617A81BD600904FE3 /* UIKit.framework in Frameworks */ = {isa = PBXBuildFile; fileRef = C2E95EF517A81BD600904FE3 /* UIKit.framework */; };
		C2E95EF817A81BD600904FE3 /* Foundation.framework in Frameworks */ = {isa = PBXBuildFile; fileRef = C2E95EF717A81BD600904FE3 /* Foundation.framework */; };
		C2E95EFA17A81BD600904FE3 /* CoreGraphics.framework in Frameworks */ = {isa = PBXBuildFile; fileRef = C2E95EF917A81BD600904FE3 /* CoreGraphics.framework */; };
		C2E95F0017A81BD600904FE3 /* InfoPlist.strings in Resources */ = {isa = PBXBuildFile; fileRef = C2E95EFE17A81BD600904FE3 /* InfoPlist.strings */; };
		C2E95F0217A81BD600904FE3 /* main.m in Sources */ = {isa = PBXBuildFile; fileRef = C2E95F0117A81BD600904FE3 /* main.m */; };
		C2E95F0617A81BD600904FE3 /* AppDelegate.m in Sources */ = {isa = PBXBuildFile; fileRef = C2E95F0517A81BD600904FE3 /* AppDelegate.m */; };
		C2E95F0817A81BD600904FE3 /* Default.png in Resources */ = {isa = PBXBuildFile; fileRef = C2E95F0717A81BD600904FE3 /* Default.png */; };
		C2E95F0A17A81BD600904FE3 /* Default@2x.png in Resources */ = {isa = PBXBuildFile; fileRef = C2E95F0917A81BD600904FE3 /* Default@2x.png */; };
		C2E95F0C17A81BD600904FE3 /* Default-568h@2x.png in Resources */ = {isa = PBXBuildFile; fileRef = C2E95F0B17A81BD600904FE3 /* Default-568h@2x.png */; };
		C2E95F0F17A81BD600904FE3 /* ViewController.m in Sources */ = {isa = PBXBuildFile; fileRef = C2E95F0E17A81BD600904FE3 /* ViewController.m */; };
		C2E95F1217A81BD600904FE3 /* ViewController.xib in Resources */ = {isa = PBXBuildFile; fileRef = C2E95F1017A81BD600904FE3 /* ViewController.xib */; };
/* End PBXBuildFile section */

/* Begin PBXFileReference section */
		C2E95EF217A81BD600904FE3 /* block_three.app */ = {isa = PBXFileReference; explicitFileType = wrapper.application; includeInIndex = 0; path = block_three.app; sourceTree = BUILT_PRODUCTS_DIR; };
		C2E95EF517A81BD600904FE3 /* UIKit.framework */ = {isa = PBXFileReference; lastKnownFileType = wrapper.framework; name = UIKit.framework; path = System/Library/Frameworks/UIKit.framework; sourceTree = SDKROOT; };
		C2E95EF717A81BD600904FE3 /* Foundation.framework */ = {isa = PBXFileReference; lastKnownFileType = wrapper.framework; name = Foundation.framework; path = System/Library/Frameworks/Foundation.framework; sourceTree = SDKROOT; };
		C2E95EF917A81BD600904FE3 /* CoreGraphics.framework */ = {isa = PBXFileReference; lastKnownFileType = wrapper.framework; name = CoreGraphics.framework; path = System/Library/Frameworks/CoreGraphics.framework; sourceTree = SDKROOT; };
		C2E95EFD17A81BD600904FE3 /* block_three-Info.plist */ = {isa = PBXFileReference; lastKnownFileType = text.plist.xml; path = "block_three-Info.plist"; sourceTree = "<group>"; };
		C2E95EFF17A81BD600904FE3 /* en */ = {isa = PBXFileReference; lastKnownFileType = text.plist.strings; name = en; path = en.lproj/InfoPlist.strings; sourceTree = "<group>"; };
		C2E95F0117A81BD600904FE3 /* main.m */ = {isa = PBXFileReference; lastKnownFileType = sourcecode.c.objc; path = main.m; sourceTree = "<group>"; };
		C2E95F0317A81BD600904FE3 /* block_three-Prefix.pch */ = {isa = PBXFileReference; lastKnownFileType = sourcecode.c.h; path = "block_three-Prefix.pch"; sourceTree = "<group>"; };
		C2E95F0417A81BD600904FE3 /* AppDelegate.h */ = {isa = PBXFileReference; lastKnownFileType = sourcecode.c.h; path = AppDelegate.h; sourceTree = "<group>"; };
		C2E95F0517A81BD600904FE3 /* AppDelegate.m */ = {isa = PBXFileReference; lastKnownFileType = sourcecode.c.objc; path = AppDelegate.m; sourceTree = "<group>"; };
		C2E95F0717A81BD600904FE3 /* Default.png */ = {isa = PBXFileReference; lastKnownFileType = image.png; path = Default.png; sourceTree = "<group>"; };
		C2E95F0917A81BD600904FE3 /* Default@2x.png */ = {isa = PBXFileReference; lastKnownFileType = image.png; path = "Default@2x.png"; sourceTree = "<group>"; };
		C2E95F0B17A81BD600904FE3 /* Default-568h@2x.png */ = {isa = PBXFileReference; lastKnownFileType = image.png; path = "Default-568h@2x.png"; sourceTree = "<group>"; };
		C2E95F0D17A81BD600904FE3 /* ViewController.h */ = {isa = PBXFileReference; lastKnownFileType = sourcecode.c.h; path = ViewController.h; sourceTree = "<group>"; };
		C2E95F0E17A81BD600904FE3 /* ViewController.m */ = {isa = PBXFileReference; lastKnownFileType = sourcecode.c.objc; path = ViewController.m; sourceTree = "<group>"; };
		C2E95F1117A81BD600904FE3 /* en */ = {isa = PBXFileReference; lastKnownFileType = file.xib; name = en; path = en.lproj/ViewController.xib; sourceTree = "<group>"; };
/* End PBXFileReference section */

/* Begin PBXFrameworksBuildPhase section */
		C2E95EEF17A81BD600904FE3 /* Frameworks */ = {
			isa = PBXFrameworksBuildPhase;
			buildActionMask = 2147483647;
			files = (
				C2E95EF617A81BD600904FE3 /* UIKit.framework in Frameworks */,
				C2E95EF817A81BD600904FE3 /* Foundation.framework in Frameworks */,
				C2E95EFA17A81BD600904FE3 /* CoreGraphics.framework in Frameworks */,
			);
			runOnlyForDeploymentPostprocessing = 0;
		};
/* End PBXFrameworksBuildPhase section */

/* Begin PBXGroup section */
		C2E95EE917A81BD600904FE3 = {
			isa = PBXGroup;
			children = (
				C2E95EFB17A81BD600904FE3 /* block_three */,
				C2E95EF417A81BD600904FE3 /* Frameworks */,
				C2E95EF317A81BD600904FE3 /* Products */,
			);
			sourceTree = "<group>";
		};
		C2E95EF317A81BD600904FE3 /* Products */ = {
			isa = PBXGroup;
			children = (
				C2E95EF217A81BD600904FE3 /* block_three.app */,
			);
			name = Products;
			sourceTree = "<group>";
		};
		C2E95EF417A81BD600904FE3 /* Frameworks */ = {
			isa = PBXGroup;
			children = (
				C2E95EF517A81BD600904FE3 /* UIKit.framework */,
				C2E95EF717A81BD600904FE3 /* Foundation.framework */,
				C2E95EF917A81BD600904FE3 /* CoreGraphics.framework */,
			);
			name = Frameworks;
			sourceTree = "<group>";
		};
		C2E95EFB17A81BD600904FE3 /* block_three */ = {
			isa = PBXGroup;
			children = (
				C2E95F0417A81BD600904FE3 /* AppDelegate.h */,
				C2E95F0517A81BD600904FE3 /* AppDelegate.m */,
				C2E95F0D17A81BD600904FE3 /* ViewController.h */,
				C2E95F0E17A81BD600904FE3 /* ViewController.m */,
				C2E95F1017A81BD600904FE3 /* ViewController.xib */,
				C2E95EFC17A81BD600904FE3 /* Supporting Files */,
			);
			path = block_three;
			sourceTree = "<group>";
		};
		C2E95EFC17A81BD600904FE3 /* Supporting Files */ = {
			isa = PBXGroup;
			children = (
				C2E95EFD17A81BD600904FE3 /* block_three-Info.plist */,
				C2E95EFE17A81BD600904FE3 /* InfoPlist.strings */,
				C2E95F0117A81BD600904FE3 /* main.m */,
				C2E95F0317A81BD600904FE3 /* block_three-Prefix.pch */,
				C2E95F0717A81BD600904FE3 /* Default.png */,
				C2E95F0917A81BD600904FE3 /* Default@2x.png */,
				C2E95F0B17A81BD600904FE3 /* Default-568h@2x.png */,
			);
			name = "Supporting Files";
			sourceTree = "<group>";
		};
/* End PBXGroup section */

/* Begin PBXNativeTarget section */
		C2E95EF117A81BD600904FE3 /* block_three */ = {
			isa = PBXNativeTarget;
			buildConfigurationList = C2E95F1517A81BD600904FE3 /* Build configuration list for PBXNativeTarget "block_three" */;
			buildPhases = (
				C2E95EEE17A81BD600904FE3 /* Sources */,
				C2E95EEF17A81BD600904FE3 /* Frameworks */,
				C2E95EF017A81BD600904FE3 /* Resources */,
			);
			buildRules = (
			);
			dependencies = (
			);
			name = block_three;
			productName = block_three;
			productReference = C2E95EF217A81BD600904FE3 /* block_three.app */;
			productType = "com.apple.product-type.application";
		};
/* End PBXNativeTarget section */

/* Begin PBXProject section */
		C2E95EEA17A81BD600904FE3 /* Project object */ = {
			isa = PBXProject;
			attributes = {
				LastUpgradeCheck = 0460;
				ORGANIZATIONNAME = "巴翔";
			};
			buildConfigurationList = C2E95EED17A81BD600904FE3 /* Build configuration list for PBXProject "block_three" */;
			compatibilityVersion = "Xcode 3.2";
			developmentRegion = English;
			hasScannedForEncodings = 0;
			knownRegions = (
				en,
			);
			mainGroup = C2E95EE917A81BD600904FE3;
			productRefGroup = C2E95EF317A81BD600904FE3 /* Products */;
			projectDirPath = "";
			projectRoot = "";
			targets = (
				C2E95EF117A81BD600904FE3 /* block_three */,
			);
		};
/* End PBXProject section */

/* Begin PBXResourcesBuildPhase section */
		C2E95EF017A81BD600904FE3 /* Resources */ = {
			isa = PBXResourcesBuildPhase;
			buildActionMask = 2147483647;
			files = (
				C2E95F0017A81BD600904FE3 /* InfoPlist.strings in Resources */,
				C2E95F0817A81BD600904FE3 /* Default.png in Resources */,
				C2E95F0A17A81BD600904FE3 /* Default@2x.png in Resources */,
				C2E95F0C17A81BD600904FE3 /* Default-568h@2x.png in Resources */,
				C2E95F1217A81BD600904FE3 /* ViewController.xib in Resources */,
			);
			runOnlyForDeploymentPostprocessing = 0;
		};
/* End PBXResourcesBuildPhase section */

/* Begin PBXSourcesBuildPhase section */
		C2E95EEE17A81BD600904FE3 /* Sources */ = {
			isa = PBXSourcesBuildPhase;
			buildActionMask = 2147483647;
			files = (
				C2E95F0217A81BD600904FE3 /* main.m in Sources */,
				C2E95F0617A81BD600904FE3 /* AppDelegate.m in Sources */,
				C2E95F0F17A81BD600904FE3 /* ViewController.m in Sources */,
			);
			runOnlyForDeploymentPostprocessing = 0;
		};
/* End PBXSourcesBuildPhase section */

/* Begin PBXVariantGroup section */
		C2E95EFE17A81BD600904FE3 /* InfoPlist.strings */ = {
			isa = PBXVariantGroup;
			children = (
				C2E95EFF17A81BD600904FE3 /* en */,
			);
			name = InfoPlist.strings;
			sourceTree = "<group>";
		};
		C2E95F1017A81BD600904FE3 /* ViewController.xib */ = {
			isa = PBXVariantGroup;
			children = (
				C2E95F1117A81BD600904FE3 /* en */,
			);
			name = ViewController.xib;
			sourceTree = "<group>";
		};
/* End PBXVariantGroup section */

/* Begin XCBuildConfiguration section */
		C2E95F1317A81BD600904FE3 /* Debug */ = {
			isa = XCBuildConfiguration;
			buildSettings = {
				ALWAYS_SEARCH_USER_PATHS = NO;
				CLANG_CXX_LANGUAGE_STANDARD = "gnu++0x";
				CLANG_CXX_LIBRARY = "libc++";
				CLANG_WARN_CONSTANT_CONVERSION = YES;
				CLANG_WARN_EMPTY_BODY = YES;
				CLANG_WARN_ENUM_CONVERSION = YES;
				CLANG_WARN_INT_CONVERSION = YES;
				CLANG_WARN__DUPLICATE_METHOD_MATCH = YES;
				"CODE_SIGN_IDENTITY[sdk=iphoneos*]" = "iPhone Developer";
				COPY_PHASE_STRIP = NO;
				GCC_C_LANGUAGE_STANDARD = gnu99;
				GCC_DYNAMIC_NO_PIC = NO;
				GCC_OPTIMIZATION_LEVEL = 0;
				GCC_PREPROCESSOR_DEFINITIONS = (
					"DEBUG=1",
					"$(inherited)",
				);
				GCC_SYMBOLS_PRIVATE_EXTERN = NO;
				GCC_WARN_ABOUT_RETURN_TYPE = YES;
				GCC_WARN_UNINITIALIZED_AUTOS = YES;
				GCC_WARN_UNUSED_VARIABLE = YES;
				IPHONEOS_DEPLOYMENT_TARGET = 6.1;
				ONLY_ACTIVE_ARCH = YES;
				SDKROOT = iphoneos;
			};
			name = Debug;
		};
		C2E95F1417A81BD600904FE3 /* Release */ = {
			isa = XCBuildConfiguration;
			buildSettings = {
				ALWAYS_SEARCH_USER_PATHS = NO;
				CLANG_CXX_LANGUAGE_STANDARD = "gnu++0x";
				CLANG_CXX_LIBRARY = "libc++";
				CLANG_WARN_CONSTANT_CONVERSION = YES;
				CLANG_WARN_EMPTY_BODY = YES;
				CLANG_WARN_ENUM_CONVERSION = YES;
				CLANG_WARN_INT_CONVERSION = YES;
				CLANG_WARN__DUPLICATE_METHOD_MATCH = YES;
				"CODE_SIGN_IDENTITY[sdk=iphoneos*]" = "iPhone Developer";
				COPY_PHASE_STRIP = YES;
				GCC_C_LANGUAGE_STANDARD = gnu99;
				GCC_WARN_ABOUT_RETURN_TYPE = YES;
				GCC_WARN_UNINITIALIZED_AUTOS = YES;
				GCC_WARN_UNUSED_VARIABLE = YES;
				IPHONEOS_DEPLOYMENT_TARGET = 6.1;
				OTHER_CFLAGS = "-DNS_BLOCK_ASSERTIONS=1";
				SDKROOT = iphoneos;
				VALIDATE_PRODUCT = YES;
			};
			name = Release;
		};
		C2E95F1617A81BD600904FE3 /* Debug */ = {
			isa = XCBuildConfiguration;
			buildSettings = {
				GCC_PRECOMPILE_PREFIX_HEADER = YES;
				GCC_PREFIX_HEADER = "block_three/block_three-Prefix.pch";
				INFOPLIST_FILE = "block_three/block_three-Info.plist";
				PRODUCT_NAME = "$(TARGET_NAME)";
				WRAPPER_EXTENSION = app;
			};
			name = Debug;
		};
		C2E95F1717A81BD600904FE3 /* Release */ = {
			isa = XCBuildConfiguration;
			buildSettings = {
				GCC_PRECOMPILE_PREFIX_HEADER = YES;
				GCC_PREFIX_HEADER = "block_three/block_three-Prefix.pch";
				INFOPLIST_FILE = "block_three/block_three-Info.plist";
				PRODUCT_NAME = "$(TARGET_NAME)";
				WRAPPER_EXTENSION = app;
			};
			name = Release;
		};
/* End XCBuildConfiguration section */

/* Begin XCConfigurationList section */
		C2E95EED17A81BD600904FE3 /* Build configuration list for PBXProject "block_three" */ = {
			isa = XCConfigurationList;
			buildConfigurations = (
				C2E95F1317A81BD600904FE3 /* Debug */,
				C2E95F1417A81BD600904FE3 /* Release */,
			);
			defaultConfigurationIsVisible = 0;
			defaultConfigurationName = Release;
		};
		C2E95F1517A81BD600904FE3 /* Build configuration list for PBXNativeTarget "block_three" */ = {
			isa = XCConfigurationList;
			buildConfigurations = (
				C2E95F1617A81BD600904FE3 /* Debug */,
				C2E95F1717A81BD600904FE3 /* Release */,
			);
			defaultConfigurationIsVisible = 0;
		};
/* End XCConfigurationList section */
	};
	rootObject = C2E95EEA17A81BD600904FE3 /* Project object */;
}
