// !$*UTF8*$!
{
	archiveVersion = 1;
	classes = {
	};
	objectVersion = 46;
	objects = {

/* Begin PBXBuildFile section */
		C2F1BBE017A8A1B000B2C15B /* UIKit.framework in Frameworks */ = {isa = PBXBuildFile; fileRef = C2F1BBDF17A8A1B000B2C15B /* UIKit.framework */; };
		C2F1BBE217A8A1B000B2C15B /* Foundation.framework in Frameworks */ = {isa = PBXBuildFile; fileRef = C2F1BBE117A8A1B000B2C15B /* Foundation.framework */; };
		C2F1BBE417A8A1B000B2C15B /* CoreGraphics.framework in Frameworks */ = {isa = PBXBuildFile; fileRef = C2F1BBE317A8A1B000B2C15B /* CoreGraphics.framework */; };
		C2F1BBEA17A8A1B000B2C15B /* InfoPlist.strings in Resources */ = {isa = PBXBuildFile; fileRef = C2F1BBE817A8A1B000B2C15B /* InfoPlist.strings */; };
		C2F1BBEC17A8A1B000B2C15B /* main.m in Sources */ = {isa = PBXBuildFile; fileRef = C2F1BBEB17A8A1B000B2C15B /* main.m */; };
		C2F1BBF017A8A1B000B2C15B /* AppDelegate.m in Sources */ = {isa = PBXBuildFile; fileRef = C2F1BBEF17A8A1B000B2C15B /* AppDelegate.m */; };
		C2F1BBF217A8A1B000B2C15B /* Default.png in Resources */ = {isa = PBXBuildFile; fileRef = C2F1BBF117A8A1B000B2C15B /* Default.png */; };
		C2F1BBF417A8A1B000B2C15B /* Default@2x.png in Resources */ = {isa = PBXBuildFile; fileRef = C2F1BBF317A8A1B000B2C15B /* Default@2x.png */; };
		C2F1BBF617A8A1B000B2C15B /* Default-568h@2x.png in Resources */ = {isa = PBXBuildFile; fileRef = C2F1BBF517A8A1B000B2C15B /* Default-568h@2x.png */; };
		C2F1BBF917A8A1B000B2C15B /* ViewController.m in Sources */ = {isa = PBXBuildFile; fileRef = C2F1BBF817A8A1B000B2C15B /* ViewController.m */; };
		C2F1BBFC17A8A1B000B2C15B /* ViewController.xib in Resources */ = {isa = PBXBuildFile; fileRef = C2F1BBFA17A8A1B000B2C15B /* ViewController.xib */; };
		C2F1BC0517A8A1D900B2C15B /* TwoViewController.m in Sources */ = {isa = PBXBuildFile; fileRef = C2F1BC0317A8A1D900B2C15B /* TwoViewController.m */; };
		C2F1BC0617A8A1D900B2C15B /* TwoViewController.xib in Resources */ = {isa = PBXBuildFile; fileRef = C2F1BC0417A8A1D900B2C15B /* TwoViewController.xib */; };
/* End PBXBuildFile section */

/* Begin PBXFileReference section */
		C2F1BBDC17A8A1B000B2C15B /* block_five.app */ = {isa = PBXFileReference; explicitFileType = wrapper.application; includeInIndex = 0; path = block_five.app; sourceTree = BUILT_PRODUCTS_DIR; };
		C2F1BBDF17A8A1B000B2C15B /* UIKit.framework */ = {isa = PBXFileReference; lastKnownFileType = wrapper.framework; name = UIKit.framework; path = System/Library/Frameworks/UIKit.framework; sourceTree = SDKROOT; };
		C2F1BBE117A8A1B000B2C15B /* Foundation.framework */ = {isa = PBXFileReference; lastKnownFileType = wrapper.framework; name = Foundation.framework; path = System/Library/Frameworks/Foundation.framework; sourceTree = SDKROOT; };
		C2F1BBE317A8A1B000B2C15B /* CoreGraphics.framework */ = {isa = PBXFileReference; lastKnownFileType = wrapper.framework; name = CoreGraphics.framework; path = System/Library/Frameworks/CoreGraphics.framework; sourceTree = SDKROOT; };
		C2F1BBE717A8A1B000B2C15B /* block_five-Info.plist */ = {isa = PBXFileReference; lastKnownFileType = text.plist.xml; path = "block_five-Info.plist"; sourceTree = "<group>"; };
		C2F1BBE917A8A1B000B2C15B /* en */ = {isa = PBXFileReference; lastKnownFileType = text.plist.strings; name = en; path = en.lproj/InfoPlist.strings; sourceTree = "<group>"; };
		C2F1BBEB17A8A1B000B2C15B /* main.m */ = {isa = PBXFileReference; lastKnownFileType = sourcecode.c.objc; path = main.m; sourceTree = "<group>"; };
		C2F1BBED17A8A1B000B2C15B /* block_five-Prefix.pch */ = {isa = PBXFileReference; lastKnownFileType = sourcecode.c.h; path = "block_five-Prefix.pch"; sourceTree = "<group>"; };
		C2F1BBEE17A8A1B000B2C15B /* AppDelegate.h */ = {isa = PBXFileReference; lastKnownFileType = sourcecode.c.h; path = AppDelegate.h; sourceTree = "<group>"; };
		C2F1BBEF17A8A1B000B2C15B /* AppDelegate.m */ = {isa = PBXFileReference; lastKnownFileType = sourcecode.c.objc; path = AppDelegate.m; sourceTree = "<group>"; };
		C2F1BBF117A8A1B000B2C15B /* Default.png */ = {isa = PBXFileReference; lastKnownFileType = image.png; path = Default.png; sourceTree = "<group>"; };
		C2F1BBF317A8A1B000B2C15B /* Default@2x.png */ = {isa = PBXFileReference; lastKnownFileType = image.png; path = "Default@2x.png"; sourceTree = "<group>"; };
		C2F1BBF517A8A1B000B2C15B /* Default-568h@2x.png */ = {isa = PBXFileReference; lastKnownFileType = image.png; path = "Default-568h@2x.png"; sourceTree = "<group>"; };
		C2F1BBF717A8A1B000B2C15B /* ViewController.h */ = {isa = PBXFileReference; lastKnownFileType = sourcecode.c.h; path = ViewController.h; sourceTree = "<group>"; };
		C2F1BBF817A8A1B000B2C15B /* ViewController.m */ = {isa = PBXFileReference; lastKnownFileType = sourcecode.c.objc; path = ViewController.m; sourceTree = "<group>"; };
		C2F1BBFB17A8A1B000B2C15B /* en */ = {isa = PBXFileReference; lastKnownFileType = file.xib; name = en; path = en.lproj/ViewController.xib; sourceTree = "<group>"; };
		C2F1BC0217A8A1D900B2C15B /* TwoViewController.h */ = {isa = PBXFileReference; fileEncoding = 4; lastKnownFileType = sourcecode.c.h; path = TwoViewController.h; sourceTree = "<group>"; };
		C2F1BC0317A8A1D900B2C15B /* TwoViewController.m */ = {isa = PBXFileReference; fileEncoding = 4; lastKnownFileType = sourcecode.c.objc; path = TwoViewController.m; sourceTree = "<group>"; };
		C2F1BC0417A8A1D900B2C15B /* TwoViewController.xib */ = {isa = PBXFileReference; fileEncoding = 4; lastKnownFileType = file.xib; path = TwoViewController.xib; sourceTree = "<group>"; };
/* End PBXFileReference section */

/* Begin PBXFrameworksBuildPhase section */
		C2F1BBD917A8A1B000B2C15B /* Frameworks */ = {
			isa = PBXFrameworksBuildPhase;
			buildActionMask = 2147483647;
			files = (
				C2F1BBE017A8A1B000B2C15B /* UIKit.framework in Frameworks */,
				C2F1BBE217A8A1B000B2C15B /* Foundation.framework in Frameworks */,
				C2F1BBE417A8A1B000B2C15B /* CoreGraphics.framework in Frameworks */,
			);
			runOnlyForDeploymentPostprocessing = 0;
		};
/* End PBXFrameworksBuildPhase section */

/* Begin PBXGroup section */
		C2F1BBD317A8A1B000B2C15B = {
			isa = PBXGroup;
			children = (
				C2F1BBE517A8A1B000B2C15B /* block_five */,
				C2F1BBDE17A8A1B000B2C15B /* Frameworks */,
				C2F1BBDD17A8A1B000B2C15B /* Products */,
			);
			sourceTree = "<group>";
		};
		C2F1BBDD17A8A1B000B2C15B /* Products */ = {
			isa = PBXGroup;
			children = (
				C2F1BBDC17A8A1B000B2C15B /* block_five.app */,
			);
			name = Products;
			sourceTree = "<group>";
		};
		C2F1BBDE17A8A1B000B2C15B /* Frameworks */ = {
			isa = PBXGroup;
			children = (
				C2F1BBDF17A8A1B000B2C15B /* UIKit.framework */,
				C2F1BBE117A8A1B000B2C15B /* Foundation.framework */,
				C2F1BBE317A8A1B000B2C15B /* CoreGraphics.framework */,
			);
			name = Frameworks;
			sourceTree = "<group>";
		};
		C2F1BBE517A8A1B000B2C15B /* block_five */ = {
			isa = PBXGroup;
			children = (
				C2F1BBEE17A8A1B000B2C15B /* AppDelegate.h */,
				C2F1BBEF17A8A1B000B2C15B /* AppDelegate.m */,
				C2F1BBF717A8A1B000B2C15B /* ViewController.h */,
				C2F1BBF817A8A1B000B2C15B /* ViewController.m */,
				C2F1BBFA17A8A1B000B2C15B /* ViewController.xib */,
				C2F1BC0217A8A1D900B2C15B /* TwoViewController.h */,
				C2F1BC0317A8A1D900B2C15B /* TwoViewController.m */,
				C2F1BC0417A8A1D900B2C15B /* TwoViewController.xib */,
				C2F1BBE617A8A1B000B2C15B /* Supporting Files */,
			);
			path = block_five;
			sourceTree = "<group>";
		};
		C2F1BBE617A8A1B000B2C15B /* Supporting Files */ = {
			isa = PBXGroup;
			children = (
				C2F1BBE717A8A1B000B2C15B /* block_five-Info.plist */,
				C2F1BBE817A8A1B000B2C15B /* InfoPlist.strings */,
				C2F1BBEB17A8A1B000B2C15B /* main.m */,
				C2F1BBED17A8A1B000B2C15B /* block_five-Prefix.pch */,
				C2F1BBF117A8A1B000B2C15B /* Default.png */,
				C2F1BBF317A8A1B000B2C15B /* Default@2x.png */,
				C2F1BBF517A8A1B000B2C15B /* Default-568h@2x.png */,
			);
			name = "Supporting Files";
			sourceTree = "<group>";
		};
/* End PBXGroup section */

/* Begin PBXNativeTarget section */
		C2F1BBDB17A8A1B000B2C15B /* block_five */ = {
			isa = PBXNativeTarget;
			buildConfigurationList = C2F1BBFF17A8A1B000B2C15B /* Build configuration list for PBXNativeTarget "block_five" */;
			buildPhases = (
				C2F1BBD817A8A1B000B2C15B /* Sources */,
				C2F1BBD917A8A1B000B2C15B /* Frameworks */,
				C2F1BBDA17A8A1B000B2C15B /* Resources */,
			);
			buildRules = (
			);
			dependencies = (
			);
			name = block_five;
			productName = block_five;
			productReference = C2F1BBDC17A8A1B000B2C15B /* block_five.app */;
			productType = "com.apple.product-type.application";
		};
/* End PBXNativeTarget section */

/* Begin PBXProject section */
		C2F1BBD417A8A1B000B2C15B /* Project object */ = {
			isa = PBXProject;
			attributes = {
				LastUpgradeCheck = 0460;
				ORGANIZATIONNAME = "巴翔";
			};
			buildConfigurationList = C2F1BBD717A8A1B000B2C15B /* Build configuration list for PBXProject "block_five" */;
			compatibilityVersion = "Xcode 3.2";
			developmentRegion = English;
			hasScannedForEncodings = 0;
			knownRegions = (
				en,
			);
			mainGroup = C2F1BBD317A8A1B000B2C15B;
			productRefGroup = C2F1BBDD17A8A1B000B2C15B /* Products */;
			projectDirPath = "";
			projectRoot = "";
			targets = (
				C2F1BBDB17A8A1B000B2C15B /* block_five */,
			);
		};
/* End PBXProject section */

/* Begin PBXResourcesBuildPhase section */
		C2F1BBDA17A8A1B000B2C15B /* Resources */ = {
			isa = PBXResourcesBuildPhase;
			buildActionMask = 2147483647;
			files = (
				C2F1BBEA17A8A1B000B2C15B /* InfoPlist.strings in Resources */,
				C2F1BBF217A8A1B000B2C15B /* Default.png in Resources */,
				C2F1BBF417A8A1B000B2C15B /* Default@2x.png in Resources */,
				C2F1BBF617A8A1B000B2C15B /* Default-568h@2x.png in Resources */,
				C2F1BBFC17A8A1B000B2C15B /* ViewController.xib in Resources */,
				C2F1BC0617A8A1D900B2C15B /* TwoViewController.xib in Resources */,
			);
			runOnlyForDeploymentPostprocessing = 0;
		};
/* End PBXResourcesBuildPhase section */

/* Begin PBXSourcesBuildPhase section */
		C2F1BBD817A8A1B000B2C15B /* Sources */ = {
			isa = PBXSourcesBuildPhase;
			buildActionMask = 2147483647;
			files = (
				C2F1BBEC17A8A1B000B2C15B /* main.m in Sources */,
				C2F1BBF017A8A1B000B2C15B /* AppDelegate.m in Sources */,
				C2F1BBF917A8A1B000B2C15B /* ViewController.m in Sources */,
				C2F1BC0517A8A1D900B2C15B /* TwoViewController.m in Sources */,
			);
			runOnlyForDeploymentPostprocessing = 0;
		};
/* End PBXSourcesBuildPhase section */

/* Begin PBXVariantGroup section */
		C2F1BBE817A8A1B000B2C15B /* InfoPlist.strings */ = {
			isa = PBXVariantGroup;
			children = (
				C2F1BBE917A8A1B000B2C15B /* en */,
			);
			name = InfoPlist.strings;
			sourceTree = "<group>";
		};
		C2F1BBFA17A8A1B000B2C15B /* ViewController.xib */ = {
			isa = PBXVariantGroup;
			children = (
				C2F1BBFB17A8A1B000B2C15B /* en */,
			);
			name = ViewController.xib;
			sourceTree = "<group>";
		};
/* End PBXVariantGroup section */

/* Begin XCBuildConfiguration section */
		C2F1BBFD17A8A1B000B2C15B /* Debug */ = {
			isa = XCBuildConfiguration;
			buildSettings = {
				ALWAYS_SEARCH_USER_PATHS = NO;
				CLANG_CXX_LANGUAGE_STANDARD = "gnu++0x";
				CLANG_CXX_LIBRARY = "libc++";
				CLANG_WARN_CONSTANT_CONVERSION = YES;
				CLANG_WARN_EMPTY_BODY = YES;
				CLANG_WARN_ENUM_CONVERSION = YES;
				CLANG_WARN_INT_CONVERSION = YES;
				CLANG_WARN__DUPLICATE_METHOD_MATCH = YES;
				"CODE_SIGN_IDENTITY[sdk=iphoneos*]" = "iPhone Developer";
				COPY_PHASE_STRIP = NO;
				GCC_C_LANGUAGE_STANDARD = gnu99;
				GCC_DYNAMIC_NO_PIC = NO;
				GCC_OPTIMIZATION_LEVEL = 0;
				GCC_PREPROCESSOR_DEFINITIONS = (
					"DEBUG=1",
					"$(inherited)",
				);
				GCC_SYMBOLS_PRIVATE_EXTERN = NO;
				GCC_WARN_ABOUT_RETURN_TYPE = YES;
				GCC_WARN_UNINITIALIZED_AUTOS = YES;
				GCC_WARN_UNUSED_VARIABLE = YES;
				IPHONEOS_DEPLOYMENT_TARGET = 6.1;
				ONLY_ACTIVE_ARCH = YES;
				SDKROOT = iphoneos;
			};
			name = Debug;
		};
		C2F1BBFE17A8A1B000B2C15B /* Release */ = {
			isa = XCBuildConfiguration;
			buildSettings = {
				ALWAYS_SEARCH_USER_PATHS = NO;
				CLANG_CXX_LANGUAGE_STANDARD = "gnu++0x";
				CLANG_CXX_LIBRARY = "libc++";
				CLANG_WARN_CONSTANT_CONVERSION = YES;
				CLANG_WARN_EMPTY_BODY = YES;
				CLANG_WARN_ENUM_CONVERSION = YES;
				CLANG_WARN_INT_CONVERSION = YES;
				CLANG_WARN__DUPLICATE_METHOD_MATCH = YES;
				"CODE_SIGN_IDENTITY[sdk=iphoneos*]" = "iPhone Developer";
				COPY_PHASE_STRIP = YES;
				GCC_C_LANGUAGE_STANDARD = gnu99;
				GCC_WARN_ABOUT_RETURN_TYPE = YES;
				GCC_WARN_UNINITIALIZED_AUTOS = YES;
				GCC_WARN_UNUSED_VARIABLE = YES;
				IPHONEOS_DEPLOYMENT_TARGET = 6.1;
				OTHER_CFLAGS = "-DNS_BLOCK_ASSERTIONS=1";
				SDKROOT = iphoneos;
				VALIDATE_PRODUCT = YES;
			};
			name = Release;
		};
		C2F1BC0017A8A1B000B2C15B /* Debug */ = {
			isa = XCBuildConfiguration;
			buildSettings = {
				GCC_PRECOMPILE_PREFIX_HEADER = YES;
				GCC_PREFIX_HEADER = "block_five/block_five-Prefix.pch";
				INFOPLIST_FILE = "block_five/block_five-Info.plist";
				PRODUCT_NAME = "$(TARGET_NAME)";
				WRAPPER_EXTENSION = app;
			};
			name = Debug;
		};
		C2F1BC0117A8A1B000B2C15B /* Release */ = {
			isa = XCBuildConfiguration;
			buildSettings = {
				GCC_PRECOMPILE_PREFIX_HEADER = YES;
				GCC_PREFIX_HEADER = "block_five/block_five-Prefix.pch";
				INFOPLIST_FILE = "block_five/block_five-Info.plist";
				PRODUCT_NAME = "$(TARGET_NAME)";
				WRAPPER_EXTENSION = app;
			};
			name = Release;
		};
/* End XCBuildConfiguration section */

/* Begin XCConfigurationList section */
		C2F1BBD717A8A1B000B2C15B /* Build configuration list for PBXProject "block_five" */ = {
			isa = XCConfigurationList;
			buildConfigurations = (
				C2F1BBFD17A8A1B000B2C15B /* Debug */,
				C2F1BBFE17A8A1B000B2C15B /* Release */,
			);
			defaultConfigurationIsVisible = 0;
			defaultConfigurationName = Release;
		};
		C2F1BBFF17A8A1B000B2C15B /* Build configuration list for PBXNativeTarget "block_five" */ = {
			isa = XCConfigurationList;
			buildConfigurations = (
				C2F1BC0017A8A1B000B2C15B /* Debug */,
				C2F1BC0117A8A1B000B2C15B /* Release */,
			);
			defaultConfigurationIsVisible = 0;
		};
/* End XCConfigurationList section */
	};
	rootObject = C2F1BBD417A8A1B000B2C15B /* Project object */;
}
